
Microsoft Visual Studio Solution File, Format Version 12.00
# Visual Studio Version 16
VisualStudioVersion = 16.0.30413.136
MinimumVisualStudioVersion = 10.0.40219.1
Project("{FAE04EC0-301F-11D3-BF4B-00C04F79EFBC}") = "EEW_Sample", "EEW_Sample\EEW_Sample.csproj", "{F0719B96-7FB0-4656-B693-8E04E8AA534C}"
EndProject
Global
	GlobalSection(SolutionConfigurationPlatforms) = preSolution
		Debug|Any CPU = Debug|Any CPU
		Release|Any CPU = Release|Any CPU
	EndGlobalSection
	GlobalSection(ProjectConfigurationPlatforms) = postSolution
		{F0719B96-7FB0-4656-B693-8E04E8AA534C}.Debug|Any CPU.ActiveCfg = Debug|Any CPU
		{F0719B96-7FB0-4656-B693-8E04E8AA534C}.Debug|Any CPU.Build.0 = Debug|Any CPU
		{F0719B96-7FB0-4656-B693-8E04E8AA534C}.Release|Any CPU.ActiveCfg = Release|Any CPU
		{F0719B96-7FB0-4656-B693-8E04E8AA534C}.Release|Any CPU.Build.0 = Release|Any CPU
	EndGlobalSection
	GlobalSection(SolutionProperties) = preSolution
		HideSolutionNode = FALSE
	EndGlobalSection
	GlobalSection(ExtensibilityGlobals) = postSolution
		SolutionGuid = {15FA2CD9-379C-44FD-B28B-B56BE962D419}
	EndGlobalSection
EndGlobal
